
Microsoft Visual Studio Solution File, Format Version 12.00
# Visual Studio Version 16
VisualStudioVersion = 16.0.32630.194
MinimumVisualStudioVersion = 10.0.40219.1
Project("{FAE04EC0-301F-11D3-BF4B-00C04F79EFBC}") = "ToDo App", "ToDo App.csproj", "{B929C88C-1032-4F89-A87B-5074ADA12BAF}"
EndProject
Global
	GlobalSection(SolutionConfigurationPlatforms) = preSolution
		Debug|Any CPU = Debug|Any CPU
		Release|Any CPU = Release|Any CPU
	EndGlobalSection
	GlobalSection(ProjectConfigurationPlatforms) = postSolution
		{B929C88C-1032-4F89-A87B-5074ADA12BAF}.Debug|Any CPU.ActiveCfg = Debug|Any CPU
		{B929C88C-1032-4F89-A87B-5074ADA12BAF}.Debug|Any CPU.Build.0 = Debug|Any CPU
		{B929C88C-1032-4F89-A87B-5074ADA12BAF}.Release|Any CPU.ActiveCfg = Release|Any CPU
		{B929C88C-1032-4F89-A87B-5074ADA12BAF}.Release|Any CPU.Build.0 = Release|Any CPU
	EndGlobalSection
	GlobalSection(SolutionProperties) = preSolution
		HideSolutionNode = FALSE
	EndGlobalSection
	GlobalSection(ExtensibilityGlobals) = postSolution
		SolutionGuid = {1A38ABE3-A5F4-457D-B9AD-C7352C7FF450}
	EndGlobalSection
EndGlobal
